
Microsoft Visual Studio Solution File, Format Version 12.00
# Visual Studio Version 16
VisualStudioVersion = 16.0.30225.117
MinimumVisualStudioVersion = 10.0.40219.1
Project("{FAE04EC0-301F-11D3-BF4B-00C04F79EFBC}") = "KataEnv", "KataEnv\KataEnv.csproj", "{0F621A83-0E20-4D1A-BB59-1C04DF1B7B43}"
EndProject
Project("{FAE04EC0-301F-11D3-BF4B-00C04F79EFBC}") = "KataEnv.Tests", "KataEnv.Tests\KataEnv.Tests.csproj", "{EA3273E7-C183-492B-BF26-2D8F66A49AA4}"
EndProject
Global
	GlobalSection(SolutionConfigurationPlatforms) = preSolution
		Debug|Any CPU = Debug|Any CPU
		Release|Any CPU = Release|Any CPU
	EndGlobalSection
	GlobalSection(ProjectConfigurationPlatforms) = postSolution
		{0F621A83-0E20-4D1A-BB59-1C04DF1B7B43}.Debug|Any CPU.ActiveCfg = Debug|Any CPU
		{0F621A83-0E20-4D1A-BB59-1C04DF1B7B43}.Debug|Any CPU.Build.0 = Debug|Any CPU
		{0F621A83-0E20-4D1A-BB59-1C04DF1B7B43}.Release|Any CPU.ActiveCfg = Release|Any CPU
		{0F621A83-0E20-4D1A-BB59-1C04DF1B7B43}.Release|Any CPU.Build.0 = Release|Any CPU
		{EA3273E7-C183-492B-BF26-2D8F66A49AA4}.Debug|Any CPU.ActiveCfg = Debug|Any CPU
		{EA3273E7-C183-492B-BF26-2D8F66A49AA4}.Debug|Any CPU.Build.0 = Debug|Any CPU
		{EA3273E7-C183-492B-BF26-2D8F66A49AA4}.Release|Any CPU.ActiveCfg = Release|Any CPU
		{EA3273E7-C183-492B-BF26-2D8F66A49AA4}.Release|Any CPU.Build.0 = Release|Any CPU
	EndGlobalSection
	GlobalSection(SolutionProperties) = preSolution
		HideSolutionNode = FALSE
	EndGlobalSection
	GlobalSection(ExtensibilityGlobals) = postSolution
		SolutionGuid = {B7B7D3DD-F3E4-4644-9FD6-6AE1A1027A27}
	EndGlobalSection
EndGlobal
